
Microsoft Visual Studio Solution File, Format Version 12.00
# Visual Studio Version 17
VisualStudioVersion = 17.13.35825.156 d17.13
MinimumVisualStudioVersion = 10.0.40219.1
Project("{FAE04EC0-301F-11D3-BF4B-00C04F79EFBC}") = "Habitualize", "Habitualize\Habitualize.csproj", "{ADDC5F6F-A712-4751-A2BC-5B242B4F543C}"
EndProject
Global
	GlobalSection(SolutionConfigurationPlatforms) = preSolution
		Debug|Any CPU = Debug|Any CPU
		Release|Any CPU = Release|Any CPU
	EndGlobalSection
	GlobalSection(ProjectConfigurationPlatforms) = postSolution
		{ADDC5F6F-A712-4751-A2BC-5B242B4F543C}.Debug|Any CPU.ActiveCfg = Debug|Any CPU
		{ADDC5F6F-A712-4751-A2BC-5B242B4F543C}.Debug|Any CPU.Build.0 = Debug|Any CPU
		{ADDC5F6F-A712-4751-A2BC-5B242B4F543C}.Release|Any CPU.ActiveCfg = Release|Any CPU
		{ADDC5F6F-A712-4751-A2BC-5B242B4F543C}.Release|Any CPU.Build.0 = Release|Any CPU
	EndGlobalSection
	GlobalSection(SolutionProperties) = preSolution
		HideSolutionNode = FALSE
	EndGlobalSection
	GlobalSection(ExtensibilityGlobals) = postSolution
		SolutionGuid = {09FF475C-5449-4E62-A5A6-B54AE6B3F8A2}
	EndGlobalSection
EndGlobal
